
Microsoft Visual Studio Solution File, Format Version 12.00
# Visual Studio Version 17
VisualStudioVersion = 17.2.32630.192
MinimumVisualStudioVersion = 10.0.40219.1
Project("{8BC9CEB8-8B4A-11D0-8D11-00A0C91BC942}") = "Set and Map(based on LinkedList)", "Set and Map(based on LinkedList)\Set and Map(based on LinkedList).vcxproj", "{789278D7-96A8-4A8D-9267-6C8F303B7F76}"
EndProject
Global
	GlobalSection(SolutionConfigurationPlatforms) = preSolution
		Debug|x64 = Debug|x64
		Debug|x86 = Debug|x86
		Release|x64 = Release|x64
		Release|x86 = Release|x86
	EndGlobalSection
	GlobalSection(ProjectConfigurationPlatforms) = postSolution
		{789278D7-96A8-4A8D-9267-6C8F303B7F76}.Debug|x64.ActiveCfg = Debug|x64
		{789278D7-96A8-4A8D-9267-6C8F303B7F76}.Debug|x64.Build.0 = Debug|x64
		{789278D7-96A8-4A8D-9267-6C8F303B7F76}.Debug|x86.ActiveCfg = Debug|Win32
		{789278D7-96A8-4A8D-9267-6C8F303B7F76}.Debug|x86.Build.0 = Debug|Win32
		{789278D7-96A8-4A8D-9267-6C8F303B7F76}.Release|x64.ActiveCfg = Release|x64
		{789278D7-96A8-4A8D-9267-6C8F303B7F76}.Release|x64.Build.0 = Release|x64
		{789278D7-96A8-4A8D-9267-6C8F303B7F76}.Release|x86.ActiveCfg = Release|Win32
		{789278D7-96A8-4A8D-9267-6C8F303B7F76}.Release|x86.Build.0 = Release|Win32
	EndGlobalSection
	GlobalSection(SolutionProperties) = preSolution
		HideSolutionNode = FALSE
	EndGlobalSection
	GlobalSection(ExtensibilityGlobals) = postSolution
		SolutionGuid = {45AB19EB-7282-47B7-8190-E493E89CFF4C}
	EndGlobalSection
EndGlobal
